
Microsoft Visual Studio Solution File, Format Version 12.00
# Visual Studio Version 17
VisualStudioVersion = 17.9.34728.123
MinimumVisualStudioVersion = 10.0.40219.1
Project("{FAE04EC0-301F-11D3-BF4B-00C04F79EFBC}") = "HotelManagement_MVC", "HotelManagement_MVC.csproj", "{68A8057B-2EB4-4C17-8E26-65C475510075}"
EndProject
Global
	GlobalSection(SolutionConfigurationPlatforms) = preSolution
		Debug|Any CPU = Debug|Any CPU
		Release|Any CPU = Release|Any CPU
	EndGlobalSection
	GlobalSection(ProjectConfigurationPlatforms) = postSolution
		{68A8057B-2EB4-4C17-8E26-65C475510075}.Debug|Any CPU.ActiveCfg = Debug|Any CPU
		{68A8057B-2EB4-4C17-8E26-65C475510075}.Debug|Any CPU.Build.0 = Debug|Any CPU
		{68A8057B-2EB4-4C17-8E26-65C475510075}.Release|Any CPU.ActiveCfg = Release|Any CPU
		{68A8057B-2EB4-4C17-8E26-65C475510075}.Release|Any CPU.Build.0 = Release|Any CPU
	EndGlobalSection
	GlobalSection(SolutionProperties) = preSolution
		HideSolutionNode = FALSE
	EndGlobalSection
	GlobalSection(ExtensibilityGlobals) = postSolution
		SolutionGuid = {B46F864C-7F57-4725-AA91-A7A9C087D4A8}
	EndGlobalSection
EndGlobal
